
Microsoft Visual Studio Solution File, Format Version 12.00
# Visual Studio Version 17
VisualStudioVersion = 17.0.31903.59
MinimumVisualStudioVersion = 10.0.40219.1
Project("{2150E333-8FDC-42A3-9474-1A3956D46DE8}") = "src", "src", "{827E0CD3-B72D-47B6-A68D-7590B98EB39B}"
EndProject
Project("{FAE04EC0-301F-11D3-BF4B-00C04F79EFBC}") = "SolarBrain.Api", "src\SolarBrain.Api\SolarBrain.Api.csproj", "{1A908507-597C-4F8B-B090-A3F931B1E8A4}"
EndProject
Project("{FAE04EC0-301F-11D3-BF4B-00C04F79EFBC}") = "SolarBrain.Core", "src\SolarBrain.Core\SolarBrain.Core.csproj", "{D7E82AAA-8825-45CA-A2C7-F5865E90BF27}"
EndProject
Project("{FAE04EC0-301F-11D3-BF4B-00C04F79EFBC}") = "SolarBrain.Services", "src\SolarBrain.Services\SolarBrain.Services.csproj", "{6CA97DE3-8F0F-4B70-83BF-07DF6291278C}"
EndProject
Project("{FAE04EC0-301F-11D3-BF4B-00C04F79EFBC}") = "SolarBrain.Data", "src\SolarBrain.Data\SolarBrain.Data.csproj", "{2C7AB617-4D56-4D07-A7AB-82D6CE8FA059}"
EndProject
Project("{FAE04EC0-301F-11D3-BF4B-00C04F79EFBC}") = "SolarBrain.Tests", "tests\SolarBrain.Tests\SolarBrain.Tests.csproj", "{2E84136C-A381-450E-99D5-D12A110FD238}"
EndProject
Project("{FAE04EC0-301F-11D3-BF4B-00C04F79EFBC}") = "SolarBrain.Api", "SolarBrain.Api\SolarBrain.Api.csproj", "{73AF6801-5331-494F-B7B5-32AEBEABF69A}"
EndProject
Global
	GlobalSection(SolutionConfigurationPlatforms) = preSolution
		Debug|Any CPU = Debug|Any CPU
		Debug|x64 = Debug|x64
		Debug|x86 = Debug|x86
		Release|Any CPU = Release|Any CPU
		Release|x64 = Release|x64
		Release|x86 = Release|x86
	EndGlobalSection
	GlobalSection(ProjectConfigurationPlatforms) = postSolution
		{1A908507-597C-4F8B-B090-A3F931B1E8A4}.Debug|Any CPU.ActiveCfg = Debug|Any CPU
		{1A908507-597C-4F8B-B090-A3F931B1E8A4}.Debug|Any CPU.Build.0 = Debug|Any CPU
		{1A908507-597C-4F8B-B090-A3F931B1E8A4}.Debug|x64.ActiveCfg = Debug|Any CPU
		{1A908507-597C-4F8B-B090-A3F931B1E8A4}.Debug|x64.Build.0 = Debug|Any CPU
		{1A908507-597C-4F8B-B090-A3F931B1E8A4}.Debug|x86.ActiveCfg = Debug|Any CPU
		{1A908507-597C-4F8B-B090-A3F931B1E8A4}.Debug|x86.Build.0 = Debug|Any CPU
		{1A908507-597C-4F8B-B090-A3F931B1E8A4}.Release|Any CPU.ActiveCfg = Release|Any CPU
		{1A908507-597C-4F8B-B090-A3F931B1E8A4}.Release|Any CPU.Build.0 = Release|Any CPU
		{1A908507-597C-4F8B-B090-A3F931B1E8A4}.Release|x64.ActiveCfg = Release|Any CPU
		{1A908507-597C-4F8B-B090-A3F931B1E8A4}.Release|x64.Build.0 = Release|Any CPU
		{1A908507-597C-4F8B-B090-A3F931B1E8A4}.Release|x86.ActiveCfg = Release|Any CPU
		{1A908507-597C-4F8B-B090-A3F931B1E8A4}.Release|x86.Build.0 = Release|Any CPU
		{D7E82AAA-8825-45CA-A2C7-F5865E90BF27}.Debug|Any CPU.ActiveCfg = Debug|Any CPU
		{D7E82AAA-8825-45CA-A2C7-F5865E90BF27}.Debug|Any CPU.Build.0 = Debug|Any CPU
		{D7E82AAA-8825-45CA-A2C7-F5865E90BF27}.Debug|x64.ActiveCfg = Debug|Any CPU
		{D7E82AAA-8825-45CA-A2C7-F5865E90BF27}.Debug|x64.Build.0 = Debug|Any CPU
		{D7E82AAA-8825-45CA-A2C7-F5865E90BF27}.Debug|x86.ActiveCfg = Debug|Any CPU
		{D7E82AAA-8825-45CA-A2C7-F5865E90BF27}.Debug|x86.Build.0 = Debug|Any CPU
		{D7E82AAA-8825-45CA-A2C7-F5865E90BF27}.Release|Any CPU.ActiveCfg = Release|Any CPU
		{D7E82AAA-8825-45CA-A2C7-F5865E90BF27}.Release|Any CPU.Build.0 = Release|Any CPU
		{D7E82AAA-8825-45CA-A2C7-F5865E90BF27}.Release|x64.ActiveCfg = Release|Any CPU
		{D7E82AAA-8825-45CA-A2C7-F5865E90BF27}.Release|x64.Build.0 = Release|Any CPU
		{D7E82AAA-8825-45CA-A2C7-F5865E90BF27}.Release|x86.ActiveCfg = Release|Any CPU
		{D7E82AAA-8825-45CA-A2C7-F5865E90BF27}.Release|x86.Build.0 = Release|Any CPU
		{6CA97DE3-8F0F-4B70-83BF-07DF6291278C}.Debug|Any CPU.ActiveCfg = Debug|Any CPU
		{6CA97DE3-8F0F-4B70-83BF-07DF6291278C}.Debug|Any CPU.Build.0 = Debug|Any CPU
		{6CA97DE3-8F0F-4B70-83BF-07DF6291278C}.Debug|x64.ActiveCfg = Debug|Any CPU
		{6CA97DE3-8F0F-4B70-83BF-07DF6291278C}.Debug|x64.Build.0 = Debug|Any CPU
		{6CA97DE3-8F0F-4B70-83BF-07DF6291278C}.Debug|x86.ActiveCfg = Debug|Any CPU
		{6CA97DE3-8F0F-4B70-83BF-07DF6291278C}.Debug|x86.Build.0 = Debug|Any CPU
		{6CA97DE3-8F0F-4B70-83BF-07DF6291278C}.Release|Any CPU.ActiveCfg = Release|Any CPU
		{6CA97DE3-8F0F-4B70-83BF-07DF6291278C}.Release|Any CPU.Build.0 = Release|Any CPU
		{6CA97DE3-8F0F-4B70-83BF-07DF6291278C}.Release|x64.ActiveCfg = Release|Any CPU
		{6CA97DE3-8F0F-4B70-83BF-07DF6291278C}.Release|x64.Build.0 = Release|Any CPU
		{6CA97DE3-8F0F-4B70-83BF-07DF6291278C}.Release|x86.ActiveCfg = Release|Any CPU
		{6CA97DE3-8F0F-4B70-83BF-07DF6291278C}.Release|x86.Build.0 = Release|Any CPU
		{2C7AB617-4D56-4D07-A7AB-82D6CE8FA059}.Debug|Any CPU.ActiveCfg = Debug|Any CPU
		{2C7AB617-4D56-4D07-A7AB-82D6CE8FA059}.Debug|Any CPU.Build.0 = Debug|Any CPU
		{2C7AB617-4D56-4D07-A7AB-82D6CE8FA059}.Debug|x64.ActiveCfg = Debug|Any CPU
		{2C7AB617-4D56-4D07-A7AB-82D6CE8FA059}.Debug|x64.Build.0 = Debug|Any CPU
		{2C7AB617-4D56-4D07-A7AB-82D6CE8FA059}.Debug|x86.ActiveCfg = Debug|Any CPU
		{2C7AB617-4D56-4D07-A7AB-82D6CE8FA059}.Debug|x86.Build.0 = Debug|Any CPU
		{2C7AB617-4D56-4D07-A7AB-82D6CE8FA059}.Release|Any CPU.ActiveCfg = Release|Any CPU
		{2C7AB617-4D56-4D07-A7AB-82D6CE8FA059}.Release|Any CPU.Build.0 = Release|Any CPU
		{2C7AB617-4D56-4D07-A7AB-82D6CE8FA059}.Release|x64.ActiveCfg = Release|Any CPU
		{2C7AB617-4D56-4D07-A7AB-82D6CE8FA059}.Release|x64.Build.0 = Release|Any CPU
		{2C7AB617-4D56-4D07-A7AB-82D6CE8FA059}.Release|x86.ActiveCfg = Release|Any CPU
		{2C7AB617-4D56-4D07-A7AB-82D6CE8FA059}.Release|x86.Build.0 = Release|Any CPU
		{2E84136C-A381-450E-99D5-D12A110FD238}.Debug|Any CPU.ActiveCfg = Debug|Any CPU
		{2E84136C-A381-450E-99D5-D12A110FD238}.Debug|Any CPU.Build.0 = Debug|Any CPU
		{2E84136C-A381-450E-99D5-D12A110FD238}.Debug|x64.ActiveCfg = Debug|Any CPU
		{2E84136C-A381-450E-99D5-D12A110FD238}.Debug|x64.Build.0 = Debug|Any CPU
		{2E84136C-A381-450E-99D5-D12A110FD238}.Debug|x86.ActiveCfg = Debug|Any CPU
		{2E84136C-A381-450E-99D5-D12A110FD238}.Debug|x86.Build.0 = Debug|Any CPU
		{2E84136C-A381-450E-99D5-D12A110FD238}.Release|Any CPU.ActiveCfg = Release|Any CPU
		{2E84136C-A381-450E-99D5-D12A110FD238}.Release|Any CPU.Build.0 = Release|Any CPU
		{2E84136C-A381-450E-99D5-D12A110FD238}.Release|x64.ActiveCfg = Release|Any CPU
		{2E84136C-A381-450E-99D5-D12A110FD238}.Release|x64.Build.0 = Release|Any CPU
		{2E84136C-A381-450E-99D5-D12A110FD238}.Release|x86.ActiveCfg = Release|Any CPU
		{2E84136C-A381-450E-99D5-D12A110FD238}.Release|x86.Build.0 = Release|Any CPU
		{73AF6801-5331-494F-B7B5-32AEBEABF69A}.Debug|Any CPU.ActiveCfg = Debug|Any CPU
		{73AF6801-5331-494F-B7B5-32AEBEABF69A}.Debug|Any CPU.Build.0 = Debug|Any CPU
		{73AF6801-5331-494F-B7B5-32AEBEABF69A}.Debug|x64.ActiveCfg = Debug|Any CPU
		{73AF6801-5331-494F-B7B5-32AEBEABF69A}.Debug|x64.Build.0 = Debug|Any CPU
		{73AF6801-5331-494F-B7B5-32AEBEABF69A}.Debug|x86.ActiveCfg = Debug|Any CPU
		{73AF6801-5331-494F-B7B5-32AEBEABF69A}.Debug|x86.Build.0 = Debug|Any CPU
		{73AF6801-5331-494F-B7B5-32AEBEABF69A}.Release|Any CPU.ActiveCfg = Release|Any CPU
		{73AF6801-5331-494F-B7B5-32AEBEABF69A}.Release|Any CPU.Build.0 = Release|Any CPU
		{73AF6801-5331-494F-B7B5-32AEBEABF69A}.Release|x64.ActiveCfg = Release|Any CPU
		{73AF6801-5331-494F-B7B5-32AEBEABF69A}.Release|x64.Build.0 = Release|Any CPU
		{73AF6801-5331-494F-B7B5-32AEBEABF69A}.Release|x86.ActiveCfg = Release|Any CPU
		{73AF6801-5331-494F-B7B5-32AEBEABF69A}.Release|x86.Build.0 = Release|Any CPU
	EndGlobalSection
	GlobalSection(SolutionProperties) = preSolution
		HideSolutionNode = FALSE
	EndGlobalSection
	GlobalSection(NestedProjects) = preSolution
		{1A908507-597C-4F8B-B090-A3F931B1E8A4} = {827E0CD3-B72D-47B6-A68D-7590B98EB39B}
		{D7E82AAA-8825-45CA-A2C7-F5865E90BF27} = {827E0CD3-B72D-47B6-A68D-7590B98EB39B}
		{6CA97DE3-8F0F-4B70-83BF-07DF6291278C} = {827E0CD3-B72D-47B6-A68D-7590B98EB39B}
		{2C7AB617-4D56-4D07-A7AB-82D6CE8FA059} = {827E0CD3-B72D-47B6-A68D-7590B98EB39B}
		{2E84136C-A381-450E-99D5-D12A110FD238} = {827E0CD3-B72D-47B6-A68D-7590B98EB39B}
	EndGlobalSection
EndGlobal
